{
  "version": 4,
  "terraform_version": "1.0.9",
  "serial": 142,
  "lineage": "fa29226e-c95a-4334-4608-4a53595f3170",
  "outputs": {},
  "resources": [
    {
      "mode": "managed",
      "type": "google_project_service",
      "name": "app_engine",
      "provider": "provider[\"registry.terraform.io/hashicorp/google\"]",
      "instances": [
        {
          "schema_version": 0,
          "attributes": {
            "disable_dependent_services": null,
            "disable_on_destroy": false,
            "id": "andersen-lab-dev-330218/appengine.googleapis.com",
            "project": "andersen-lab-dev-330218",
            "service": "appengine.googleapis.com",
            "timeouts": null
          },
          "sensitive_attributes": [],
          "private": "eyJlMmJmYjczMC1lY2FhLTExZTYtOGY4OC0zNDM2M2JjN2M0YzAiOnsiY3JlYXRlIjoxMjAwMDAwMDAwMDAwLCJkZWxldGUiOjEyMDAwMDAwMDAwMDAsInJlYWQiOjYwMDAwMDAwMDAwMCwidXBkYXRlIjoxMjAwMDAwMDAwMDAwfX0=",
          "dependencies": [
            "google_project_service.cloud_resource_manager"
          ],
          "create_before_destroy": true
        }
      ]
    },
    {
      "mode": "managed",
      "type": "google_project_service",
      "name": "app_engine_flex",
      "provider": "provider[\"registry.terraform.io/hashicorp/google\"]",
      "instances": [
        {
          "schema_version": 0,
          "attributes": {
            "disable_dependent_services": null,
            "disable_on_destroy": false,
            "id": "andersen-lab-dev-330218/appengineflex.googleapis.com",
            "project": "andersen-lab-dev-330218",
            "service": "appengineflex.googleapis.com",
            "timeouts": null
          },
          "sensitive_attributes": [],
          "private": "eyJlMmJmYjczMC1lY2FhLTExZTYtOGY4OC0zNDM2M2JjN2M0YzAiOnsiY3JlYXRlIjoxMjAwMDAwMDAwMDAwLCJkZWxldGUiOjEyMDAwMDAwMDAwMDAsInJlYWQiOjYwMDAwMDAwMDAwMCwidXBkYXRlIjoxMjAwMDAwMDAwMDAwfX0=",
          "dependencies": [
            "google_project_service.app_engine",
            "google_project_service.cloud_resource_manager"
          ],
          "create_before_destroy": true
        }
      ]
    },
    {
      "mode": "managed",
      "type": "google_project_service",
      "name": "cloud_function",
      "provider": "provider[\"registry.terraform.io/hashicorp/google\"]",
      "instances": [
        {
          "schema_version": 0,
          "attributes": {
            "disable_dependent_services": null,
            "disable_on_destroy": false,
            "id": "andersen-lab-dev-330218/cloudfunctions.googleapis.com",
            "project": "andersen-lab-dev-330218",
            "service": "cloudfunctions.googleapis.com",
            "timeouts": null
          },
          "sensitive_attributes": [],
          "private": "eyJlMmJmYjczMC1lY2FhLTExZTYtOGY4OC0zNDM2M2JjN2M0YzAiOnsiY3JlYXRlIjoxMjAwMDAwMDAwMDAwLCJkZWxldGUiOjEyMDAwMDAwMDAwMDAsInJlYWQiOjYwMDAwMDAwMDAwMCwidXBkYXRlIjoxMjAwMDAwMDAwMDAwfX0=",
          "dependencies": [
            "google_project_service.cloud_resource_manager"
          ]
        }
      ]
    },
    {
      "mode": "managed",
      "type": "google_project_service",
      "name": "cloud_resource_manager",
      "provider": "provider[\"registry.terraform.io/hashicorp/google\"]",
      "instances": [
        {
          "schema_version": 0,
          "attributes": {
            "disable_dependent_services": null,
            "disable_on_destroy": false,
            "id": "andersen-lab-dev-330218/cloudresourcemanager.googleapis.com",
            "project": "andersen-lab-dev-330218",
            "service": "cloudresourcemanager.googleapis.com",
            "timeouts": null
          },
          "sensitive_attributes": [],
          "private": "eyJlMmJmYjczMC1lY2FhLTExZTYtOGY4OC0zNDM2M2JjN2M0YzAiOnsiY3JlYXRlIjoxMjAwMDAwMDAwMDAwLCJkZWxldGUiOjEyMDAwMDAwMDAwMDAsInJlYWQiOjYwMDAwMDAwMDAwMCwidXBkYXRlIjoxMjAwMDAwMDAwMDAwfX0=",
          "create_before_destroy": true
        }
      ]
    },
    {
      "mode": "managed",
      "type": "google_project_service",
      "name": "cloudbuild",
      "provider": "provider[\"registry.terraform.io/hashicorp/google\"]",
      "instances": [
        {
          "schema_version": 0,
          "attributes": {
            "disable_dependent_services": null,
            "disable_on_destroy": false,
            "id": "andersen-lab-dev-330218/cloudbuild.googleapis.com",
            "project": "andersen-lab-dev-330218",
            "service": "cloudbuild.googleapis.com",
            "timeouts": null
          },
          "sensitive_attributes": [],
          "private": "eyJlMmJmYjczMC1lY2FhLTExZTYtOGY4OC0zNDM2M2JjN2M0YzAiOnsiY3JlYXRlIjoxMjAwMDAwMDAwMDAwLCJkZWxldGUiOjEyMDAwMDAwMDAwMDAsInJlYWQiOjYwMDAwMDAwMDAwMCwidXBkYXRlIjoxMjAwMDAwMDAwMDAwfX0=",
          "dependencies": [
            "google_project_service.cloud_resource_manager"
          ]
        }
      ]
    },
    {
      "mode": "managed",
      "type": "google_project_service",
      "name": "container_registry",
      "provider": "provider[\"registry.terraform.io/hashicorp/google\"]",
      "instances": [
        {
          "schema_version": 0,
          "attributes": {
            "disable_dependent_services": null,
            "disable_on_destroy": false,
            "id": "andersen-lab-dev-330218/containerregistry.googleapis.com",
            "project": "andersen-lab-dev-330218",
            "service": "containerregistry.googleapis.com",
            "timeouts": null
          },
          "sensitive_attributes": [],
          "private": "eyJlMmJmYjczMC1lY2FhLTExZTYtOGY4OC0zNDM2M2JjN2M0YzAiOnsiY3JlYXRlIjoxMjAwMDAwMDAwMDAwLCJkZWxldGUiOjEyMDAwMDAwMDAwMDAsInJlYWQiOjYwMDAwMDAwMDAwMCwidXBkYXRlIjoxMjAwMDAwMDAwMDAwfX0=",
          "dependencies": [
            "google_project_service.cloud_resource_manager"
          ],
          "create_before_destroy": true
        }
      ]
    },
    {
      "mode": "managed",
      "type": "google_project_service",
      "name": "iam",
      "provider": "provider[\"registry.terraform.io/hashicorp/google\"]",
      "instances": [
        {
          "schema_version": 0,
          "attributes": {
            "disable_dependent_services": null,
            "disable_on_destroy": false,
            "id": "andersen-lab-dev-330218/iam.googleapis.com",
            "project": "andersen-lab-dev-330218",
            "service": "iam.googleapis.com",
            "timeouts": null
          },
          "sensitive_attributes": [],
          "private": "eyJlMmJmYjczMC1lY2FhLTExZTYtOGY4OC0zNDM2M2JjN2M0YzAiOnsiY3JlYXRlIjoxMjAwMDAwMDAwMDAwLCJkZWxldGUiOjEyMDAwMDAwMDAwMDAsInJlYWQiOjYwMDAwMDAwMDAwMCwidXBkYXRlIjoxMjAwMDAwMDAwMDAwfX0=",
          "dependencies": [
            "google_project_service.cloud_resource_manager"
          ],
          "create_before_destroy": true
        }
      ]
    },
    {
      "mode": "managed",
      "type": "google_project_service",
      "name": "lifesciences",
      "provider": "provider[\"registry.terraform.io/hashicorp/google\"]",
      "instances": [
        {
          "schema_version": 0,
          "attributes": {
            "disable_dependent_services": null,
            "disable_on_destroy": false,
            "id": "andersen-lab-dev-330218/lifesciences.googleapis.com",
            "project": "andersen-lab-dev-330218",
            "service": "lifesciences.googleapis.com",
            "timeouts": null
          },
          "sensitive_attributes": [],
          "private": "eyJlMmJmYjczMC1lY2FhLTExZTYtOGY4OC0zNDM2M2JjN2M0YzAiOnsiY3JlYXRlIjoxMjAwMDAwMDAwMDAwLCJkZWxldGUiOjEyMDAwMDAwMDAwMDAsInJlYWQiOjYwMDAwMDAwMDAwMCwidXBkYXRlIjoxMjAwMDAwMDAwMDAwfX0=",
          "dependencies": [
            "google_project_service.cloud_resource_manager"
          ]
        }
      ]
    },
    {
      "mode": "managed",
      "type": "google_project_service",
      "name": "run",
      "provider": "provider[\"registry.terraform.io/hashicorp/google\"]",
      "instances": [
        {
          "schema_version": 0,
          "attributes": {
            "disable_dependent_services": null,
            "disable_on_destroy": false,
            "id": "andersen-lab-dev-330218/run.googleapis.com",
            "project": "andersen-lab-dev-330218",
            "service": "run.googleapis.com",
            "timeouts": null
          },
          "sensitive_attributes": [],
          "private": "eyJlMmJmYjczMC1lY2FhLTExZTYtOGY4OC0zNDM2M2JjN2M0YzAiOnsiY3JlYXRlIjoxMjAwMDAwMDAwMDAwLCJkZWxldGUiOjEyMDAwMDAwMDAwMDAsInJlYWQiOjYwMDAwMDAwMDAwMCwidXBkYXRlIjoxMjAwMDAwMDAwMDAwfX0=",
          "dependencies": [
            "google_project_service.cloud_resource_manager"
          ]
        }
      ]
    },
    {
      "mode": "managed",
      "type": "google_project_service",
      "name": "secret_manager",
      "provider": "provider[\"registry.terraform.io/hashicorp/google\"]",
      "instances": [
        {
          "schema_version": 0,
          "attributes": {
            "disable_dependent_services": null,
            "disable_on_destroy": false,
            "id": "andersen-lab-dev-330218/secretmanager.googleapis.com",
            "project": "andersen-lab-dev-330218",
            "service": "secretmanager.googleapis.com",
            "timeouts": null
          },
          "sensitive_attributes": [],
          "private": "eyJlMmJmYjczMC1lY2FhLTExZTYtOGY4OC0zNDM2M2JjN2M0YzAiOnsiY3JlYXRlIjoxMjAwMDAwMDAwMDAwLCJkZWxldGUiOjEyMDAwMDAwMDAwMDAsInJlYWQiOjYwMDAwMDAwMDAwMCwidXBkYXRlIjoxMjAwMDAwMDAwMDAwfX0=",
          "dependencies": [
            "google_project_service.cloud_resource_manager"
          ],
          "create_before_destroy": true
        }
      ]
    },
    {
      "mode": "managed",
      "type": "google_project_service",
      "name": "sql_admin",
      "provider": "provider[\"registry.terraform.io/hashicorp/google\"]",
      "instances": [
        {
          "schema_version": 0,
          "attributes": {
            "disable_dependent_services": null,
            "disable_on_destroy": false,
            "id": "andersen-lab-dev-330218/sqladmin.googleapis.com",
            "project": "andersen-lab-dev-330218",
            "service": "sqladmin.googleapis.com",
            "timeouts": null
          },
          "sensitive_attributes": [],
          "private": "eyJlMmJmYjczMC1lY2FhLTExZTYtOGY4OC0zNDM2M2JjN2M0YzAiOnsiY3JlYXRlIjoxMjAwMDAwMDAwMDAwLCJkZWxldGUiOjEyMDAwMDAwMDAwMDAsInJlYWQiOjYwMDAwMDAwMDAwMCwidXBkYXRlIjoxMjAwMDAwMDAwMDAwfX0=",
          "dependencies": [
            "google_project_service.cloud_resource_manager"
          ],
          "create_before_destroy": true
        }
      ]
    },
    {
      "module": "module.api_pipeline_task",
      "mode": "data",
      "type": "google_iam_policy",
      "name": "cloudrun_noauth",
      "provider": "provider[\"registry.terraform.io/hashicorp/google\"]",
      "instances": [
        {
          "schema_version": 0,
          "attributes": {
            "audit_config": null,
            "binding": [
              {
                "condition": [],
                "members": [
                  "allUsers"
                ],
                "role": "roles/run.invoker"
              }
            ],
            "id": "3450855414",
            "policy_data": "{\"bindings\":[{\"members\":[\"allUsers\"],\"role\":\"roles/run.invoker\"}]}"
          },
          "sensitive_attributes": []
        }
      ]
    },
    {
      "module": "module.api_pipeline_task",
      "mode": "managed",
      "type": "google_cloud_run_service",
      "name": "api_pipeline_task",
      "provider": "provider[\"registry.terraform.io/hashicorp/google\"]",
      "instances": [
        {
          "schema_version": 1,
          "attributes": {
            "autogenerate_revision_name": false,
            "id": "locations/us-central1/namespaces/andersen-lab-dev-330218/services/api-pipeline-task",
            "location": "us-central1",
            "metadata": [
              {
                "annotations": {
                  "run.googleapis.com/ingress": "all",
                  "run.googleapis.com/ingress-status": "all",
                  "serving.knative.dev/creator": "terraform-service-account@andersen-lab-dev-330218.iam.gserviceaccount.com",
                  "serving.knative.dev/lastModifier": "terraform-service-account@andersen-lab-dev-330218.iam.gserviceaccount.com"
                },
                "generation": 1,
                "labels": {
                  "cloud.googleapis.com/location": "us-central1"
                },
                "namespace": "andersen-lab-dev-330218",
                "resource_version": "AAXPR65FCyY",
                "self_link": "/apis/serving.knative.dev/v1/namespaces/865500533374/services/api-pipeline-task",
                "uid": "a51b9d2c-0a00-4c30-91b6-b0c272b7af3d"
              }
            ],
            "name": "api-pipeline-task",
            "project": "andersen-lab-dev-330218",
            "status": [
              {
                "conditions": [
                  {
                    "message": "",
                    "reason": "",
                    "status": "True",
                    "type": "Ready"
                  },
                  {
                    "message": "",
                    "reason": "",
                    "status": "True",
                    "type": "ConfigurationsReady"
                  },
                  {
                    "message": "",
                    "reason": "",
                    "status": "True",
                    "type": "RoutesReady"
                  }
                ],
                "latest_created_revision_name": "api-pipeline-task-js9gw",
                "latest_ready_revision_name": "api-pipeline-task-js9gw",
                "observed_generation": 1,
                "url": "https://api-pipeline-task-5ofxu7b2qq-uc.a.run.app"
              }
            ],
            "template": [
              {
                "metadata": [
                  {
                    "annotations": {
                      "autoscaling.knative.dev/maxScale": "100"
                    },
                    "generation": 0,
                    "labels": {},
                    "name": "",
                    "namespace": "",
                    "resource_version": "",
                    "self_link": "",
                    "uid": ""
                  }
                ],
                "spec": [
                  {
                    "container_concurrency": 80,
                    "containers": [
                      {
                        "args": [],
                        "command": [],
                        "env": [
                          {
                            "name": "FLASK_ENV",
                            "value": "development"
                          }
                        ],
                        "env_from": [],
                        "image": "gcr.io/andersen-lab-dev-330218/api-pipeline-task:v2.0a",
                        "ports": [
                          {
                            "container_port": 8080,
                            "name": "http1",
                            "protocol": ""
                          }
                        ],
                        "resources": [
                          {
                            "limits": {
                              "cpu": "1000m",
                              "memory": "512Mi"
                            },
                            "requests": {}
                          }
                        ],
                        "working_dir": ""
                      }
                    ],
                    "service_account_name": "",
                    "serving_state": "",
                    "timeout_seconds": 300
                  }
                ]
              }
            ],
            "timeouts": null,
            "traffic": [
              {
                "latest_revision": true,
                "percent": 100,
                "revision_name": ""
              }
            ]
          },
          "sensitive_attributes": [],
          "private": "eyJlMmJmYjczMC1lY2FhLTExZTYtOGY4OC0zNDM2M2JjN2M0YzAiOnsiY3JlYXRlIjozNjAwMDAwMDAwMDAsImRlbGV0ZSI6MjQwMDAwMDAwMDAwLCJ1cGRhdGUiOjkwMDAwMDAwMDAwMH0sInNjaGVtYV92ZXJzaW9uIjoiMSJ9",
          "dependencies": [
            "google_project_service.iam",
            "google_project_service.lifesciences",
            "module.api_pipeline_task.time_sleep.wait_container_publish",
            "google_project_service.cloud_resource_manager",
            "google_project_service.cloudbuild",
            "module.api_pipeline_task.null_resource.build_container",
            "module.api_pipeline_task.null_resource.publish_container",
            "google_project_service.container_registry",
            "google_project_service.run"
          ]
        }
      ]
    },
    {
      "module": "module.api_pipeline_task",
      "mode": "managed",
      "type": "google_cloud_run_service_iam_policy",
      "name": "noauth",
      "provider": "provider[\"registry.terraform.io/hashicorp/google\"]",
      "instances": [
        {
          "schema_version": 0,
          "attributes": {
            "etag": "BwXPR66jspE=",
            "id": "v1/projects/andersen-lab-dev-330218/locations/us-central1/services/api-pipeline-task",
            "location": "us-central1",
            "policy_data": "{\"bindings\":[{\"members\":[\"allUsers\"],\"role\":\"roles/run.invoker\"}]}",
            "project": "andersen-lab-dev-330218",
            "service": "v1/projects/andersen-lab-dev-330218/locations/us-central1/services/api-pipeline-task"
          },
          "sensitive_attributes": [],
          "private": "bnVsbA==",
          "dependencies": [
            "google_project_service.cloud_resource_manager",
            "google_project_service.lifesciences",
            "google_project_service.run",
            "module.api_pipeline_task.data.google_iam_policy.cloudrun_noauth",
            "google_project_service.cloudbuild",
            "google_project_service.container_registry",
            "google_project_service.iam",
            "module.api_pipeline_task.google_cloud_run_service.api_pipeline_task",
            "module.api_pipeline_task.null_resource.build_container",
            "module.api_pipeline_task.null_resource.publish_container",
            "module.api_pipeline_task.time_sleep.wait_container_publish"
          ]
        }
      ]
    },
    {
      "module": "module.api_pipeline_task",
      "mode": "managed",
      "type": "google_project_iam_member",
      "name": "nscalc_pipeline_ds_owner",
      "provider": "provider[\"registry.terraform.io/hashicorp/google\"]",
      "instances": [
        {
          "schema_version": 0,
          "attributes": {
            "condition": [],
            "etag": "BwXPRsfZL7I=",
            "id": "andersen-lab-dev-330218/roles/datastore.owner/serviceAccount:api-pipeline-task@andersen-lab-dev-330218.iam.gserviceaccount.com",
            "member": "serviceAccount:api-pipeline-task@andersen-lab-dev-330218.iam.gserviceaccount.com",
            "project": "andersen-lab-dev-330218",
            "role": "roles/datastore.owner"
          },
          "sensitive_attributes": [],
          "private": "bnVsbA==",
          "dependencies": [
            "google_project_service.run",
            "module.api_pipeline_task.google_service_account.nscalc_pipeline",
            "google_project_service.cloud_resource_manager",
            "google_project_service.cloudbuild",
            "google_project_service.container_registry",
            "google_project_service.iam",
            "google_project_service.lifesciences"
          ]
        }
      ]
    },
    {
      "module": "module.api_pipeline_task",
      "mode": "managed",
      "type": "google_project_iam_member",
      "name": "nscalc_pipeline_object_creator",
      "provider": "provider[\"registry.terraform.io/hashicorp/google\"]",
      "instances": [
        {
          "schema_version": 0,
          "attributes": {
            "condition": [],
            "etag": "BwXPRsfZL7I=",
            "id": "andersen-lab-dev-330218/roles/storage.objectCreator/serviceAccount:api-pipeline-task@andersen-lab-dev-330218.iam.gserviceaccount.com",
            "member": "serviceAccount:api-pipeline-task@andersen-lab-dev-330218.iam.gserviceaccount.com",
            "project": "andersen-lab-dev-330218",
            "role": "roles/storage.objectCreator"
          },
          "sensitive_attributes": [],
          "private": "bnVsbA==",
          "dependencies": [
            "module.api_pipeline_task.google_service_account.nscalc_pipeline",
            "google_project_service.cloud_resource_manager",
            "google_project_service.cloudbuild",
            "google_project_service.container_registry",
            "google_project_service.iam",
            "google_project_service.lifesciences",
            "google_project_service.run"
          ]
        }
      ]
    },
    {
      "module": "module.api_pipeline_task",
      "mode": "managed",
      "type": "google_project_iam_member",
      "name": "nscalc_pipeline_object_viewer",
      "provider": "provider[\"registry.terraform.io/hashicorp/google\"]",
      "instances": [
        {
          "schema_version": 0,
          "attributes": {
            "condition": [],
            "etag": "BwXPRsfZL7I=",
            "id": "andersen-lab-dev-330218/roles/storage.objectViewer/serviceAccount:api-pipeline-task@andersen-lab-dev-330218.iam.gserviceaccount.com",
            "member": "serviceAccount:api-pipeline-task@andersen-lab-dev-330218.iam.gserviceaccount.com",
            "project": "andersen-lab-dev-330218",
            "role": "roles/storage.objectViewer"
          },
          "sensitive_attributes": [],
          "private": "bnVsbA==",
          "dependencies": [
            "google_project_service.cloud_resource_manager",
            "google_project_service.cloudbuild",
            "google_project_service.container_registry",
            "google_project_service.iam",
            "google_project_service.lifesciences",
            "google_project_service.run",
            "module.api_pipeline_task.google_service_account.nscalc_pipeline"
          ]
        }
      ]
    },
    {
      "module": "module.api_pipeline_task",
      "mode": "managed",
      "type": "google_project_iam_member",
      "name": "nscalc_pipeline_sa_user",
      "provider": "provider[\"registry.terraform.io/hashicorp/google\"]",
      "instances": [
        {
          "schema_version": 0,
          "attributes": {
            "condition": [],
            "etag": "BwXPRsfZL7I=",
            "id": "andersen-lab-dev-330218/roles/compute.serviceAgent/serviceAccount:api-pipeline-task@andersen-lab-dev-330218.iam.gserviceaccount.com",
            "member": "serviceAccount:api-pipeline-task@andersen-lab-dev-330218.iam.gserviceaccount.com",
            "project": "andersen-lab-dev-330218",
            "role": "roles/compute.serviceAgent"
          },
          "sensitive_attributes": [],
          "private": "bnVsbA==",
          "dependencies": [
            "google_project_service.run",
            "module.api_pipeline_task.google_service_account.nscalc_pipeline",
            "google_project_service.cloud_resource_manager",
            "google_project_service.cloudbuild",
            "google_project_service.container_registry",
            "google_project_service.iam",
            "google_project_service.lifesciences"
          ]
        }
      ]
    },
    {
      "module": "module.api_pipeline_task",
      "mode": "managed",
      "type": "google_project_iam_member",
      "name": "nscalc_pipeline_workflow_runner",
      "provider": "provider[\"registry.terraform.io/hashicorp/google\"]",
      "instances": [
        {
          "schema_version": 0,
          "attributes": {
            "condition": [],
            "etag": "BwXPRsfZL7I=",
            "id": "andersen-lab-dev-330218/roles/lifesciences.workflowsRunner/serviceAccount:api-pipeline-task@andersen-lab-dev-330218.iam.gserviceaccount.com",
            "member": "serviceAccount:api-pipeline-task@andersen-lab-dev-330218.iam.gserviceaccount.com",
            "project": "andersen-lab-dev-330218",
            "role": "roles/lifesciences.workflowsRunner"
          },
          "sensitive_attributes": [],
          "private": "bnVsbA==",
          "dependencies": [
            "google_project_service.iam",
            "google_project_service.lifesciences",
            "google_project_service.run",
            "module.api_pipeline_task.google_service_account.nscalc_pipeline",
            "google_project_service.cloud_resource_manager",
            "google_project_service.cloudbuild",
            "google_project_service.container_registry"
          ]
        }
      ]
    },
    {
      "module": "module.api_pipeline_task",
      "mode": "managed",
      "type": "google_pubsub_subscription",
      "name": "nscalc",
      "provider": "provider[\"registry.terraform.io/hashicorp/google\"]",
      "instances": [
        {
          "schema_version": 0,
          "attributes": {
            "ack_deadline_seconds": 10,
            "dead_letter_policy": [],
            "enable_message_ordering": false,
            "expiration_policy": [
              {
                "ttl": "2678400s"
              }
            ],
            "filter": "",
            "id": "projects/andersen-lab-dev-330218/subscriptions/nscalc",
            "labels": {},
            "message_retention_duration": "259200s",
            "name": "nscalc",
            "path": "projects/andersen-lab-dev-330218/subscriptions/nscalc",
            "project": "andersen-lab-dev-330218",
            "push_config": [
              {
                "attributes": {},
                "oidc_token": [],
                "push_endpoint": "https://api-pipeline-task-5ofxu7b2qq-uc.a.run.app"
              }
            ],
            "retain_acked_messages": false,
            "retry_policy": [],
            "timeouts": null,
            "topic": "projects/andersen-lab-dev-330218/topics/nemascan"
          },
          "sensitive_attributes": [],
          "private": "eyJlMmJmYjczMC1lY2FhLTExZTYtOGY4OC0zNDM2M2JjN2M0YzAiOnsiY3JlYXRlIjozNjAwMDAwMDAwMDAsImRlbGV0ZSI6MjQwMDAwMDAwMDAwLCJ1cGRhdGUiOjM2MDAwMDAwMDAwMH19",
          "dependencies": [
            "google_project_service.cloudbuild",
            "module.api_pipeline_task.google_pubsub_topic.nemascan",
            "module.api_pipeline_task.null_resource.build_container",
            "module.api_pipeline_task.null_resource.publish_container",
            "module.api_pipeline_task.time_sleep.wait_container_publish",
            "google_project_service.cloud_resource_manager",
            "google_project_service.iam",
            "google_project_service.lifesciences",
            "google_project_service.run",
            "module.api_pipeline_task.google_cloud_run_service.api_pipeline_task",
            "google_project_service.container_registry"
          ]
        }
      ]
    },
    {
      "module": "module.api_pipeline_task",
      "mode": "managed",
      "type": "google_pubsub_topic",
      "name": "nemascan",
      "provider": "provider[\"registry.terraform.io/hashicorp/google\"]",
      "instances": [
        {
          "schema_version": 0,
          "attributes": {
            "id": "projects/andersen-lab-dev-330218/topics/nemascan",
            "kms_key_name": "",
            "labels": {},
            "message_storage_policy": [
              {
                "allowed_persistence_regions": [
                  "us-central1",
                  "us-central2",
                  "us-east1",
                  "us-east4",
                  "us-west1",
                  "us-west2",
                  "us-west3",
                  "us-west4"
                ]
              }
            ],
            "name": "nemascan",
            "project": "andersen-lab-dev-330218",
            "schema_settings": [],
            "timeouts": null
          },
          "sensitive_attributes": [],
          "private": "eyJlMmJmYjczMC1lY2FhLTExZTYtOGY4OC0zNDM2M2JjN2M0YzAiOnsiY3JlYXRlIjozNjAwMDAwMDAwMDAsImRlbGV0ZSI6MjQwMDAwMDAwMDAwLCJ1cGRhdGUiOjM2MDAwMDAwMDAwMH19",
          "dependencies": [
            "google_project_service.container_registry",
            "google_project_service.iam",
            "google_project_service.lifesciences",
            "google_project_service.run",
            "google_project_service.cloud_resource_manager",
            "google_project_service.cloudbuild"
          ]
        }
      ]
    },
    {
      "module": "module.api_pipeline_task",
      "mode": "managed",
      "type": "google_service_account",
      "name": "nscalc_pipeline",
      "provider": "provider[\"registry.terraform.io/hashicorp/google\"]",
      "instances": [
        {
          "schema_version": 0,
          "attributes": {
            "account_id": "api-pipeline-task",
            "description": "",
            "disabled": false,
            "display_name": "Nemascan Pipeline Service Account",
            "email": "api-pipeline-task@andersen-lab-dev-330218.iam.gserviceaccount.com",
            "id": "projects/andersen-lab-dev-330218/serviceAccounts/api-pipeline-task@andersen-lab-dev-330218.iam.gserviceaccount.com",
            "name": "projects/andersen-lab-dev-330218/serviceAccounts/api-pipeline-task@andersen-lab-dev-330218.iam.gserviceaccount.com",
            "project": "andersen-lab-dev-330218",
            "timeouts": null,
            "unique_id": "104447567879436419750"
          },
          "sensitive_attributes": [],
          "private": "eyJlMmJmYjczMC1lY2FhLTExZTYtOGY4OC0zNDM2M2JjN2M0YzAiOnsiY3JlYXRlIjozMDAwMDAwMDAwMDB9fQ==",
          "dependencies": [
            "google_project_service.container_registry",
            "google_project_service.iam",
            "google_project_service.lifesciences",
            "google_project_service.run",
            "google_project_service.cloud_resource_manager",
            "google_project_service.cloudbuild"
          ]
        }
      ]
    },
    {
      "module": "module.api_pipeline_task",
      "mode": "managed",
      "type": "google_storage_bucket",
      "name": "pipeline-reports",
      "provider": "provider[\"registry.terraform.io/hashicorp/google\"]",
      "instances": [
        {
          "schema_version": 0,
          "attributes": {
            "bucket_policy_only": false,
            "cors": [],
            "default_event_based_hold": false,
            "encryption": [],
            "force_destroy": false,
            "id": "andersen-lab-dev-330218-report-bucket",
            "labels": {},
            "lifecycle_rule": [],
            "location": "US-CENTRAL1",
            "logging": [],
            "name": "andersen-lab-dev-330218-report-bucket",
            "project": "andersen-lab-dev-330218",
            "requester_pays": false,
            "retention_policy": [],
            "self_link": "https://www.googleapis.com/storage/v1/b/andersen-lab-dev-330218-report-bucket",
            "storage_class": "STANDARD",
            "uniform_bucket_level_access": false,
            "url": "gs://andersen-lab-dev-330218-report-bucket",
            "versioning": [],
            "website": []
          },
          "sensitive_attributes": [],
          "private": "bnVsbA==",
          "dependencies": [
            "google_project_service.cloud_resource_manager",
            "google_project_service.cloudbuild",
            "google_project_service.container_registry",
            "google_project_service.iam",
            "google_project_service.lifesciences",
            "google_project_service.run"
          ]
        }
      ]
    },
    {
      "module": "module.api_pipeline_task",
      "mode": "managed",
      "type": "google_storage_bucket",
      "name": "pipeline-work",
      "provider": "provider[\"registry.terraform.io/hashicorp/google\"]",
      "instances": [
        {
          "schema_version": 0,
          "attributes": {
            "bucket_policy_only": false,
            "cors": [],
            "default_event_based_hold": false,
            "encryption": [],
            "force_destroy": false,
            "id": "andersen-lab-dev-330218-work-bucket",
            "labels": {},
            "lifecycle_rule": [],
            "location": "US-CENTRAL1",
            "logging": [],
            "name": "andersen-lab-dev-330218-work-bucket",
            "project": "andersen-lab-dev-330218",
            "requester_pays": false,
            "retention_policy": [],
            "self_link": "https://www.googleapis.com/storage/v1/b/andersen-lab-dev-330218-work-bucket",
            "storage_class": "STANDARD",
            "uniform_bucket_level_access": false,
            "url": "gs://andersen-lab-dev-330218-work-bucket",
            "versioning": [],
            "website": []
          },
          "sensitive_attributes": [],
          "private": "bnVsbA==",
          "dependencies": [
            "google_project_service.cloudbuild",
            "google_project_service.container_registry",
            "google_project_service.iam",
            "google_project_service.lifesciences",
            "google_project_service.run",
            "google_project_service.cloud_resource_manager"
          ]
        }
      ]
    },
    {
      "module": "module.api_pipeline_task",
      "mode": "managed",
      "type": "null_resource",
      "name": "build_container",
      "provider": "provider[\"registry.terraform.io/hashicorp/null\"]",
      "instances": [
        {
          "schema_version": 0,
          "attributes": {
            "id": "1648929290347789793",
            "triggers": {
              "container_tag": "gcr.io/andersen-lab-dev-330218/api-pipeline-task:v2.0a"
            }
          },
          "sensitive_attributes": [],
          "private": "bnVsbA==",
          "dependencies": [
            "google_project_service.container_registry",
            "google_project_service.iam",
            "google_project_service.lifesciences",
            "google_project_service.run",
            "google_project_service.cloud_resource_manager",
            "google_project_service.cloudbuild"
          ]
        }
      ]
    },
    {
      "module": "module.api_pipeline_task",
      "mode": "managed",
      "type": "null_resource",
      "name": "publish_container",
      "provider": "provider[\"registry.terraform.io/hashicorp/null\"]",
      "instances": [
        {
          "schema_version": 0,
          "attributes": {
            "id": "5599974639435126008",
            "triggers": {
              "container_tag": "gcr.io/andersen-lab-dev-330218/api-pipeline-task:v2.0a"
            }
          },
          "sensitive_attributes": [],
          "private": "bnVsbA==",
          "dependencies": [
            "google_project_service.cloudbuild",
            "google_project_service.container_registry",
            "google_project_service.iam",
            "google_project_service.lifesciences",
            "google_project_service.run",
            "module.api_pipeline_task.null_resource.build_container",
            "google_project_service.cloud_resource_manager"
          ]
        }
      ]
    },
    {
      "module": "module.api_pipeline_task",
      "mode": "managed",
      "type": "time_sleep",
      "name": "wait_container_publish",
      "provider": "provider[\"registry.terraform.io/hashicorp/time\"]",
      "instances": [
        {
          "schema_version": 0,
          "attributes": {
            "create_duration": "60s",
            "destroy_duration": null,
            "id": "2021-10-26T19:57:01Z",
            "triggers": null
          },
          "sensitive_attributes": [],
          "private": "bnVsbA==",
          "dependencies": [
            "google_project_service.lifesciences",
            "google_project_service.run",
            "module.api_pipeline_task.null_resource.build_container",
            "module.api_pipeline_task.null_resource.publish_container",
            "google_project_service.cloud_resource_manager",
            "google_project_service.cloudbuild",
            "google_project_service.container_registry",
            "google_project_service.iam"
          ]
        }
      ]
    },
    {
      "module": "module.db",
      "mode": "managed",
      "type": "google_sql_database",
      "name": "postgres_db_main",
      "provider": "provider[\"registry.terraform.io/hashicorp/google\"]",
      "instances": [
        {
          "schema_version": 0,
          "attributes": {
            "charset": "UTF8",
            "collation": "en_US.UTF8",
            "id": "projects/andersen-lab-dev-330218/instances/caendr-db-instance/databases/caendr",
            "instance": "caendr-db-instance",
            "name": "caendr",
            "project": "andersen-lab-dev-330218",
            "self_link": "https://sqladmin.googleapis.com/sql/v1beta4/projects/andersen-lab-dev-330218/instances/caendr-db-instance/databases/caendr",
            "timeouts": null
          },
          "sensitive_attributes": [],
          "private": "eyJlMmJmYjczMC1lY2FhLTExZTYtOGY4OC0zNDM2M2JjN2M0YzAiOnsiY3JlYXRlIjo5MDAwMDAwMDAwMDAsImRlbGV0ZSI6NjAwMDAwMDAwMDAwLCJ1cGRhdGUiOjYwMDAwMDAwMDAwMH19",
          "dependencies": [
            "google_project_service.cloud_resource_manager",
            "google_project_service.sql_admin",
            "module.db.google_sql_database_instance.postgres_db_instance"
          ]
        }
      ]
    },
    {
      "module": "module.db",
      "mode": "managed",
      "type": "google_sql_database",
      "name": "postgres_db_stage",
      "provider": "provider[\"registry.terraform.io/hashicorp/google\"]",
      "instances": [
        {
          "schema_version": 0,
          "attributes": {
            "charset": "UTF8",
            "collation": "en_US.UTF8",
            "id": "projects/andersen-lab-dev-330218/instances/caendr-db-instance/databases/caendr-stage",
            "instance": "caendr-db-instance",
            "name": "caendr-stage",
            "project": "andersen-lab-dev-330218",
            "self_link": "https://sqladmin.googleapis.com/sql/v1beta4/projects/andersen-lab-dev-330218/instances/caendr-db-instance/databases/caendr-stage",
            "timeouts": null
          },
          "sensitive_attributes": [],
          "private": "eyJlMmJmYjczMC1lY2FhLTExZTYtOGY4OC0zNDM2M2JjN2M0YzAiOnsiY3JlYXRlIjo5MDAwMDAwMDAwMDAsImRlbGV0ZSI6NjAwMDAwMDAwMDAwLCJ1cGRhdGUiOjYwMDAwMDAwMDAwMH19",
          "dependencies": [
            "google_project_service.cloud_resource_manager",
            "google_project_service.sql_admin",
            "module.db.google_sql_database_instance.postgres_db_instance"
          ]
        }
      ]
    },
    {
      "module": "module.db",
      "mode": "managed",
      "type": "google_sql_database_instance",
      "name": "postgres_db_instance",
      "provider": "provider[\"registry.terraform.io/hashicorp/google\"]",
      "instances": [
        {
          "schema_version": 0,
          "attributes": {
            "clone": [],
            "connection_name": "andersen-lab-dev-330218:us-central1:caendr-db-instance",
            "database_version": "POSTGRES_13",
            "deletion_protection": true,
            "first_ip_address": "34.72.238.161",
            "id": "caendr-db-instance",
            "ip_address": [
              {
                "ip_address": "34.72.238.161",
                "time_to_retire": "",
                "type": "PRIMARY"
              },
              {
                "ip_address": "35.232.22.61",
                "time_to_retire": "",
                "type": "OUTGOING"
              }
            ],
            "master_instance_name": "",
            "name": "caendr-db-instance",
            "private_ip_address": "",
            "project": "andersen-lab-dev-330218",
            "public_ip_address": "34.72.238.161",
            "region": "us-central1",
            "replica_configuration": [],
            "restore_backup_context": [],
            "root_password": null,
            "self_link": "https://sqladmin.googleapis.com/sql/v1beta4/projects/andersen-lab-dev-330218/instances/caendr-db-instance",
            "server_ca_cert": [
              {
                "cert": "-----BEGIN CERTIFICATE-----\nMIIDfzCCAmegAwIBAgIBADANBgkqhkiG9w0BAQsFADB3MS0wKwYDVQQuEyRjM2Vh\nMThjYy1iZTI5LTRiYjEtYjYxNC00MjFkMGU4OTE3M2QxIzAhBgNVBAMTGkdvb2ds\nZSBDbG91ZCBTUUwgU2VydmVyIENBMRQwEgYDVQQKEwtHb29nbGUsIEluYzELMAkG\nA1UEBhMCVVMwHhcNMjExMDI2MjM1NjAzWhcNMzExMDI0MjM1NzAzWjB3MS0wKwYD\nVQQuEyRjM2VhMThjYy1iZTI5LTRiYjEtYjYxNC00MjFkMGU4OTE3M2QxIzAhBgNV\nBAMTGkdvb2dsZSBDbG91ZCBTUUwgU2VydmVyIENBMRQwEgYDVQQKEwtHb29nbGUs\nIEluYzELMAkGA1UEBhMCVVMwggEiMA0GCSqGSIb3DQEBAQUAA4IBDwAwggEKAoIB\nAQCEo2c2NUHHgbgx5Dre+2P1Wi08U4H8iuhDtP8CflJyyKwqK4vyyyJu4GdQAkLi\nfsYVbJZCaG6rLiDC2Xpa6sOY4/hh0i1w/3X/GKIJmvbTnay1P5suurZu/YIzdfAN\n/4wlVM6wTVyHx0QpuKglPVJQLbZzplyS9G2Cl+LaTh6+JAkTU0MZlD/NtsBlEqwJ\nAbTaCsP6CKAGDC7TXsAp0N44Hxuz0TbEznFh7FfYhFhq2X5oYao8PX/jxCMbiemg\nPLKGNwfzs0IY7zoC4q0yUY7fvJSiuNYQ4fPC3lDkFyKi3Q4jJmh3AZ0NWCq94pI0\nq4NPgF8zcjyOmnMo3CUtUVkvAgMBAAGjFjAUMBIGA1UdEwEB/wQIMAYBAf8CAQAw\nDQYJKoZIhvcNAQELBQADggEBAGiaSkYgcdi2Pi91/irpWvrQfEV/ieY5B8OSjx7B\nbpITLsiJqkRA/mqdQZdfk4W40Z2kW2RPGxvAv3J/cgU+aGPelKswFLzxBcX44dxh\n36+bIWMAxNcy0Lg4Flrtxs0yuW+KurbMXXxURljQexhE5TYiCwY/Q8B60fAbO2VH\nEpWSUn3a56rzvanPcGEwdY/byLYfeiIyH8z4pmGEhQ4cMb2EmPrC/tu3e4Pz47Y6\nXoSjHfw0cn8qisNQbkELfN92YLMuL5uoRMtmDPVwqoVkZyZgyjcxxneFxX2WdZPb\nYPERRcguJ20EJc8Tw9wGqxKJU15sHu6ZvEAvRnk8LyZxASM=\n-----END CERTIFICATE-----",
                "common_name": "C=US,O=Google\\, Inc,CN=Google Cloud SQL Server CA,dnQualifier=c3ea18cc-be29-4bb1-b614-421d0e89173d",
                "create_time": "2021-10-26T23:56:03.206Z",
                "expiration_time": "2031-10-24T23:57:03.206Z",
                "sha1_fingerprint": "c923cbd71e70f30db56e1bf672fb8fe7147ab973"
              }
            ],
            "service_account_email_address": "p865500533374-8r7uu6@gcp-sa-cloud-sql.iam.gserviceaccount.com",
            "settings": [
              {
                "activation_policy": "ALWAYS",
                "authorized_gae_applications": [],
                "availability_type": "ZONAL",
                "backup_configuration": [
                  {
                    "backup_retention_settings": [
                      {
                        "retained_backups": 5,
                        "retention_unit": "COUNT"
                      }
                    ],
                    "binary_log_enabled": false,
                    "enabled": false,
                    "location": "us",
                    "point_in_time_recovery_enabled": false,
                    "start_time": "05:00",
                    "transaction_log_retention_days": 7
                  }
                ],
                "collation": "",
                "crash_safe_replication": false,
                "database_flags": [],
                "disk_autoresize": false,
                "disk_autoresize_limit": 0,
                "disk_size": 10,
                "disk_type": "PD_HDD",
                "insights_config": [
                  {
                    "query_insights_enabled": true,
                    "query_string_length": 1024,
                    "record_application_tags": false,
                    "record_client_address": false
                  }
                ],
                "ip_configuration": [
                  {
                    "authorized_networks": [],
                    "ipv4_enabled": true,
                    "private_network": "",
                    "require_ssl": false
                  }
                ],
                "location_preference": [
                  {
                    "follow_gae_application": "",
                    "zone": "us-central1-a"
                  }
                ],
                "maintenance_window": [
                  {
                    "day": 6,
                    "hour": 5,
                    "update_track": ""
                  }
                ],
                "pricing_plan": "PER_USE",
                "replication_type": "SYNCHRONOUS",
                "tier": "db-g1-small",
                "user_labels": {},
                "version": 1
              }
            ],
            "timeouts": null
          },
          "sensitive_attributes": [],
          "private": "eyJlMmJmYjczMC1lY2FhLTExZTYtOGY4OC0zNDM2M2JjN2M0YzAiOnsiY3JlYXRlIjoxODAwMDAwMDAwMDAwLCJkZWxldGUiOjE4MDAwMDAwMDAwMDAsInVwZGF0ZSI6MTgwMDAwMDAwMDAwMH19",
          "dependencies": [
            "google_project_service.cloud_resource_manager",
            "google_project_service.sql_admin"
          ],
          "create_before_destroy": true
        }
      ]
    },
    {
      "module": "module.img_thumb_gen",
      "mode": "data",
      "type": "archive_file",
      "name": "source",
      "provider": "provider[\"registry.terraform.io/hashicorp/archive\"]",
      "instances": [
        {
          "schema_version": 0,
          "attributes": {
            "excludes": null,
            "id": "196bcb5ecbc9ef98ca25ec6020f7d07810acbcd9",
            "output_base64sha256": "lR+GcvB607tL8/Jo05uNetJPQGOZ8bxGpVvS+5kV4/0=",
            "output_file_mode": null,
            "output_md5": "32fcefd19274a15021ae223c5b33785d",
            "output_path": "/tmp/function-211027001247.zip",
            "output_sha": "196bcb5ecbc9ef98ca25ec6020f7d07810acbcd9",
            "output_size": 4073,
            "source": [],
            "source_content": null,
            "source_content_filename": null,
            "source_dir": "/home/sam/Northwestern/github/CENDR2/img-thumb-gen",
            "source_file": null,
            "type": "zip"
          },
          "sensitive_attributes": []
        }
      ]
    },
    {
      "module": "module.img_thumb_gen",
      "mode": "managed",
      "type": "google_cloudfunctions_function",
      "name": "generate_thumbnails",
      "provider": "provider[\"registry.terraform.io/hashicorp/google\"]",
      "instances": [
        {
          "schema_version": 0,
          "attributes": {
            "available_memory_mb": 256,
            "build_environment_variables": null,
            "description": "",
            "entry_point": "generate_thumbnails",
            "environment_variables": {
              "MODULE_IMG_THUMB_GEN_SOURCE_PATH": "/photos/Celegans/"
            },
            "event_trigger": [
              {
                "event_type": "google.storage.object.finalize",
                "failure_policy": [
                  {
                    "retry": false
                  }
                ],
                "resource": "projects/andersen-lab-dev-330218/buckets/andersen-lab-dev-330218-site-public-bucket"
              }
            ],
            "https_trigger_url": null,
            "id": "projects/andersen-lab-dev-330218/locations/us-central1/functions/generate_thumbnails",
            "ingress_settings": "ALLOW_ALL",
            "labels": {},
            "max_instances": 0,
            "name": "generate_thumbnails",
            "project": "andersen-lab-dev-330218",
            "region": "us-central1",
            "runtime": "python37",
            "service_account_email": "andersen-lab-dev-330218@appspot.gserviceaccount.com",
            "source_archive_bucket": "andersen-lab-dev-330218-src-bucket",
            "source_archive_object": "source.zip",
            "source_repository": [],
            "timeout": 60,
            "timeouts": null,
            "trigger_http": null,
            "vpc_connector": "",
            "vpc_connector_egress_settings": ""
          },
          "sensitive_attributes": [],
          "private": "eyJlMmJmYjczMC1lY2FhLTExZTYtOGY4OC0zNDM2M2JjN2M0YzAiOnsiY3JlYXRlIjozMDAwMDAwMDAwMDAsImRlbGV0ZSI6MzAwMDAwMDAwMDAwLCJyZWFkIjozMDAwMDAwMDAwMDAsInVwZGF0ZSI6MzAwMDAwMDAwMDAwfX0=",
          "dependencies": [
            "google_project_service.app_engine_flex",
            "google_project_service.cloud_function",
            "google_project_service.cloudbuild",
            "google_project_service.container_registry",
            "google_project_service.iam",
            "google_project_service.secret_manager",
            "google_project_service.sql_admin",
            "module.img_thumb_gen.data.archive_file.source",
            "module.img_thumb_gen.google_storage_bucket.source_bucket",
            "module.img_thumb_gen.google_storage_bucket_object.source_zip",
            "module.site.google_storage_bucket.site_bucket_public"
          ]
        }
      ]
    },
    {
      "module": "module.img_thumb_gen",
      "mode": "managed",
      "type": "google_storage_bucket",
      "name": "source_bucket",
      "provider": "provider[\"registry.terraform.io/hashicorp/google\"]",
      "instances": [
        {
          "schema_version": 0,
          "attributes": {
            "bucket_policy_only": true,
            "cors": [],
            "default_event_based_hold": false,
            "encryption": [],
            "force_destroy": true,
            "id": "andersen-lab-dev-330218-src-bucket",
            "labels": {},
            "lifecycle_rule": [],
            "location": "US-CENTRAL1",
            "logging": [],
            "name": "andersen-lab-dev-330218-src-bucket",
            "project": "andersen-lab-dev-330218",
            "requester_pays": false,
            "retention_policy": [],
            "self_link": "https://www.googleapis.com/storage/v1/b/andersen-lab-dev-330218-src-bucket",
            "storage_class": "STANDARD",
            "uniform_bucket_level_access": true,
            "url": "gs://andersen-lab-dev-330218-src-bucket",
            "versioning": [],
            "website": []
          },
          "sensitive_attributes": [],
          "private": "bnVsbA==",
          "dependencies": [
            "google_project_service.cloud_function",
            "google_project_service.cloud_resource_manager",
            "google_project_service.cloudbuild"
          ]
        }
      ]
    },
    {
      "module": "module.img_thumb_gen",
      "mode": "managed",
      "type": "google_storage_bucket_object",
      "name": "source_zip",
      "provider": "provider[\"registry.terraform.io/hashicorp/google\"]",
      "instances": [
        {
          "schema_version": 0,
          "attributes": {
            "bucket": "andersen-lab-dev-330218-src-bucket",
            "cache_control": "",
            "content": null,
            "content_disposition": "",
            "content_encoding": "",
            "content_language": "",
            "content_type": "application/zip",
            "crc32c": "0eS7bQ==",
            "customer_encryption": [],
            "detect_md5hash": "Mvzv0ZJ0oVAhriI8WzN4XQ==",
            "event_based_hold": false,
            "id": "andersen-lab-dev-330218-src-bucket-source.zip#32fcefd19274a15021ae223c5b33785d",
            "kms_key_name": "",
            "md5hash": "Mvzv0ZJ0oVAhriI8WzN4XQ==",
            "media_link": "https://storage.googleapis.com/download/storage/v1/b/andersen-lab-dev-330218-src-bucket/o/source.zip%2332fcefd19274a15021ae223c5b33785d?generation=1635293568387245\u0026alt=media",
            "metadata": null,
            "name": "source.zip#32fcefd19274a15021ae223c5b33785d",
            "output_name": "source.zip#32fcefd19274a15021ae223c5b33785d",
            "self_link": "https://www.googleapis.com/storage/v1/b/andersen-lab-dev-330218-src-bucket/o/source.zip%2332fcefd19274a15021ae223c5b33785d",
            "source": "/tmp/function-211027001247.zip",
            "storage_class": "STANDARD",
            "temporary_hold": false,
            "timeouts": null
          },
          "sensitive_attributes": [],
          "private": "eyJlMmJmYjczMC1lY2FhLTExZTYtOGY4OC0zNDM2M2JjN2M0YzAiOnsiY3JlYXRlIjoyNDAwMDAwMDAwMDAsImRlbGV0ZSI6MjQwMDAwMDAwMDAwLCJ1cGRhdGUiOjI0MDAwMDAwMDAwMH19",
          "dependencies": [
            "google_project_service.cloud_function",
            "google_project_service.cloudbuild",
            "module.img_thumb_gen.data.archive_file.source",
            "module.img_thumb_gen.google_storage_bucket.source_bucket"
          ]
        }
      ]
    },
    {
      "module": "module.site",
      "mode": "managed",
      "type": "google_app_engine_application",
      "name": "app",
      "provider": "provider[\"registry.terraform.io/hashicorp/google\"]",
      "instances": [
        {
          "schema_version": 0,
          "attributes": {
            "app_id": "andersen-lab-dev-330218",
            "auth_domain": "gmail.com",
            "code_bucket": "staging.andersen-lab-dev-330218.appspot.com",
            "database_type": "CLOUD_DATASTORE_COMPATIBILITY",
            "default_bucket": "andersen-lab-dev-330218.appspot.com",
            "default_hostname": "andersen-lab-dev-330218.uc.r.appspot.com",
            "feature_settings": [
              {
                "split_health_checks": true
              }
            ],
            "gcr_domain": "us.gcr.io",
            "iap": [],
            "id": "andersen-lab-dev-330218",
            "location_id": "us-central",
            "name": "apps/andersen-lab-dev-330218",
            "project": "andersen-lab-dev-330218",
            "serving_status": "SERVING",
            "timeouts": null,
            "url_dispatch_rule": []
          },
          "sensitive_attributes": [],
          "private": "eyJlMmJmYjczMC1lY2FhLTExZTYtOGY4OC0zNDM2M2JjN2M0YzAiOnsiY3JlYXRlIjoyNDAwMDAwMDAwMDAsInVwZGF0ZSI6MjQwMDAwMDAwMDAwfX0=",
          "dependencies": [
            "google_project_service.container_registry",
            "google_project_service.iam",
            "google_project_service.secret_manager",
            "google_project_service.sql_admin",
            "google_project_service.app_engine",
            "google_project_service.app_engine_flex",
            "google_project_service.cloud_resource_manager"
          ]
        }
      ]
    },
    {
      "module": "module.site",
      "mode": "managed",
      "type": "google_app_engine_flexible_app_version",
      "name": "site",
      "provider": "provider[\"registry.terraform.io/hashicorp/google\"]",
      "instances": [
        {
          "schema_version": 0,
          "attributes": {
            "api_config": [],
            "automatic_scaling": [
              {
                "cool_down_period": "180s",
                "cpu_utilization": [
                  {
                    "aggregation_window_length": "",
                    "target_utilization": 0.6
                  }
                ],
                "disk_utilization": [],
                "max_concurrent_requests": 0,
                "max_idle_instances": 0,
                "max_pending_latency": "",
                "max_total_instances": 5,
                "min_idle_instances": 0,
                "min_pending_latency": "",
                "min_total_instances": 1,
                "network_utilization": [],
                "request_utilization": []
              }
            ],
            "beta_settings": {
              "cloud_sql_instances": "andersen-lab-dev-330218:us-central1:caendr-db-instance"
            },
            "default_expiration": "",
            "delete_service_on_destroy": false,
            "deployment": [
              {
                "cloud_build_options": [],
                "container": [
                  {
                    "image": "gcr.io/andersen-lab-dev-330218/caendr-site@sha256:3d9a30d53c023efc812842558002b3ed5bf74f7499e74771ffbe6995eab227e5"
                  }
                ],
                "files": [],
                "zip": []
              }
            ],
            "endpoints_api_service": [],
            "entrypoint": [
              {
                "shell": "gunicorn -b :$PORT main:app --ssl-version TLSv1_2"
              }
            ],
            "env_variables": null,
            "handlers": [],
            "id": "apps/andersen-lab-dev-330218/services/default/versions/caendr-site-v2-0f",
            "inbound_services": [],
            "instance_class": "",
            "liveness_check": [
              {
                "check_interval": "60s",
                "failure_threshold": 2,
                "host": "",
                "initial_delay": "300s",
                "path": "/liveness_check",
                "success_threshold": 2,
                "timeout": "10s"
              }
            ],
            "manual_scaling": [],
            "name": "apps/andersen-lab-dev-330218/services/default/versions/caendr-site-v2-0f",
            "network": [],
            "nobuild_files_regex": "",
            "noop_on_destroy": true,
            "project": "andersen-lab-dev-330218",
            "readiness_check": [
              {
                "app_start_timeout": "300s",
                "check_interval": "120s",
                "failure_threshold": 2,
                "host": "",
                "path": "/readiness_check",
                "success_threshold": 2,
                "timeout": "10s"
              }
            ],
            "resources": [
              {
                "cpu": 2,
                "disk_gb": 20,
                "memory_gb": 2,
                "volumes": []
              }
            ],
            "runtime": "custom",
            "runtime_api_version": "1.0",
            "runtime_channel": "",
            "runtime_main_executable_path": "",
            "service": "default",
            "serving_status": "SERVING",
            "timeouts": null,
            "version_id": "caendr-site-v2-0f",
            "vpc_access_connector": []
          },
          "sensitive_attributes": [],
          "private": "eyJlMmJmYjczMC1lY2FhLTExZTYtOGY4OC0zNDM2M2JjN2M0YzAiOnsiY3JlYXRlIjo2MDAwMDAwMDAwMDAsImRlbGV0ZSI6NjAwMDAwMDAwMDAwLCJ1cGRhdGUiOjYwMDAwMDAwMDAwMH19",
          "dependencies": [
            "google_project_service.app_engine_flex",
            "google_project_service.container_registry",
            "google_project_service.iam",
            "google_project_service.secret_manager",
            "google_project_service.sql_admin",
            "module.db.google_sql_database_instance.postgres_db_instance",
            "module.site.google_secret_manager_secret.ANDERSEN_LAB_STRAIN_SHEET",
            "module.site.google_secret_manager_secret.CENDR_PUBLICATIONS_SHEET",
            "module.site.google_secret_manager_secret.ELEVATION_API_KEY",
            "module.site.google_secret_manager_secret.RECAPTCHA_PRIVATE_KEY",
            "module.site.google_secret_manager_secret.RECAPTCHA_PUBLIC_KEY",
            "module.site.time_sleep.wait_container_publish"
          ],
          "create_before_destroy": true
        }
      ]
    },
    {
      "module": "module.site",
      "mode": "managed",
      "type": "google_app_engine_service_split_traffic",
      "name": "site_traffic",
      "provider": "provider[\"registry.terraform.io/hashicorp/google\"]",
      "instances": [
        {
          "schema_version": 0,
          "attributes": {
            "id": "apps/andersen-lab-dev-330218/services/default",
            "migrate_traffic": false,
            "project": "andersen-lab-dev-330218",
            "service": "default",
            "split": [
              {
                "allocations": {
                  "caendr-site-v2-0f": "1"
                },
                "shard_by": ""
              }
            ],
            "timeouts": null
          },
          "sensitive_attributes": [],
          "private": "eyJlMmJmYjczMC1lY2FhLTExZTYtOGY4OC0zNDM2M2JjN2M0YzAiOnsiY3JlYXRlIjoyNDAwMDAwMDAwMDAsImRlbGV0ZSI6MjQwMDAwMDAwMDAwLCJ1cGRhdGUiOjI0MDAwMDAwMDAwMH19",
          "dependencies": [
            "module.site.null_resource.publish_container",
            "module.site.time_sleep.wait_container_publish",
            "module.site.google_secret_manager_secret.ANDERSEN_LAB_STRAIN_SHEET",
            "module.site.google_secret_manager_secret.ELEVATION_API_KEY",
            "module.site.google_secret_manager_secret.RECAPTCHA_PRIVATE_KEY",
            "module.site.google_secret_manager_secret.RECAPTCHA_PUBLIC_KEY",
            "google_project_service.container_registry",
            "google_project_service.iam",
            "google_project_service.secret_manager",
            "module.site.google_app_engine_flexible_app_version.site",
            "google_project_service.app_engine",
            "module.site.google_secret_manager_secret.CENDR_PUBLICATIONS_SHEET",
            "module.site.null_resource.build_container",
            "google_project_service.app_engine_flex",
            "google_project_service.cloud_resource_manager",
            "google_project_service.sql_admin",
            "module.db.google_sql_database_instance.postgres_db_instance"
          ]
        }
      ]
    },
    {
      "module": "module.site",
      "mode": "managed",
      "type": "google_project_iam_member",
      "name": "app_engine_datastore_user",
      "provider": "provider[\"registry.terraform.io/hashicorp/google\"]",
      "instances": [
        {
          "schema_version": 0,
          "attributes": {
            "condition": [],
            "etag": "BwXPRsfZL7I=",
            "id": "andersen-lab-dev-330218/roles/datastore.user/serviceAccount:andersen-lab-dev-330218@appspot.gserviceaccount.com",
            "member": "serviceAccount:andersen-lab-dev-330218@appspot.gserviceaccount.com",
            "project": "andersen-lab-dev-330218",
            "role": "roles/datastore.user"
          },
          "sensitive_attributes": [],
          "private": "bnVsbA==",
          "dependencies": [
            "google_project_service.iam",
            "google_project_service.secret_manager",
            "google_project_service.sql_admin",
            "google_project_service.app_engine",
            "google_project_service.app_engine_flex",
            "google_project_service.cloud_resource_manager",
            "google_project_service.container_registry"
          ]
        }
      ]
    },
    {
      "module": "module.site",
      "mode": "managed",
      "type": "google_project_iam_member",
      "name": "app_engine_flex_datastore_user",
      "provider": "provider[\"registry.terraform.io/hashicorp/google\"]",
      "instances": [
        {
          "schema_version": 0,
          "attributes": {
            "condition": [],
            "etag": "BwXPRsfZL7I=",
            "id": "andersen-lab-dev-330218/roles/datastore.user/serviceAccount:service-865500533374@gae-api-prod.google.com.iam.gserviceaccount.com",
            "member": "serviceAccount:service-865500533374@gae-api-prod.google.com.iam.gserviceaccount.com",
            "project": "andersen-lab-dev-330218",
            "role": "roles/datastore.user"
          },
          "sensitive_attributes": [],
          "private": "bnVsbA==",
          "dependencies": [
            "google_project_service.secret_manager",
            "google_project_service.sql_admin",
            "google_project_service.app_engine",
            "google_project_service.app_engine_flex",
            "google_project_service.cloud_resource_manager",
            "google_project_service.container_registry",
            "google_project_service.iam"
          ]
        }
      ]
    },
    {
      "module": "module.site",
      "mode": "managed",
      "type": "google_project_iam_member",
      "name": "app_engine_flex_secret_accessor",
      "provider": "provider[\"registry.terraform.io/hashicorp/google\"]",
      "instances": [
        {
          "schema_version": 0,
          "attributes": {
            "condition": [],
            "etag": "BwXPRsfZL7I=",
            "id": "andersen-lab-dev-330218/roles/secretmanager.secretAccessor/serviceAccount:service-865500533374@gae-api-prod.google.com.iam.gserviceaccount.com",
            "member": "serviceAccount:service-865500533374@gae-api-prod.google.com.iam.gserviceaccount.com",
            "project": "andersen-lab-dev-330218",
            "role": "roles/secretmanager.secretAccessor"
          },
          "sensitive_attributes": [],
          "private": "bnVsbA==",
          "dependencies": [
            "google_project_service.app_engine",
            "google_project_service.app_engine_flex",
            "google_project_service.cloud_resource_manager",
            "google_project_service.container_registry",
            "google_project_service.iam",
            "google_project_service.secret_manager",
            "google_project_service.sql_admin"
          ]
        }
      ]
    },
    {
      "module": "module.site",
      "mode": "managed",
      "type": "google_project_iam_member",
      "name": "app_engine_flex_secret_viewer",
      "provider": "provider[\"registry.terraform.io/hashicorp/google\"]",
      "instances": [
        {
          "schema_version": 0,
          "attributes": {
            "condition": [],
            "etag": "BwXPRsfZL7I=",
            "id": "andersen-lab-dev-330218/roles/secretmanager.viewer/serviceAccount:service-865500533374@gae-api-prod.google.com.iam.gserviceaccount.com",
            "member": "serviceAccount:service-865500533374@gae-api-prod.google.com.iam.gserviceaccount.com",
            "project": "andersen-lab-dev-330218",
            "role": "roles/secretmanager.viewer"
          },
          "sensitive_attributes": [],
          "private": "bnVsbA==",
          "dependencies": [
            "google_project_service.app_engine_flex",
            "google_project_service.cloud_resource_manager",
            "google_project_service.container_registry",
            "google_project_service.iam",
            "google_project_service.secret_manager",
            "google_project_service.sql_admin",
            "google_project_service.app_engine"
          ]
        }
      ]
    },
    {
      "module": "module.site",
      "mode": "managed",
      "type": "google_project_iam_member",
      "name": "app_engine_flex_storage_object_viewer",
      "provider": "provider[\"registry.terraform.io/hashicorp/google\"]",
      "instances": [
        {
          "schema_version": 0,
          "attributes": {
            "condition": [],
            "etag": "BwXPRsfZL7I=",
            "id": "andersen-lab-dev-330218/roles/storage.objectViewer/serviceAccount:service-865500533374@gae-api-prod.google.com.iam.gserviceaccount.com",
            "member": "serviceAccount:service-865500533374@gae-api-prod.google.com.iam.gserviceaccount.com",
            "project": "andersen-lab-dev-330218",
            "role": "roles/storage.objectViewer"
          },
          "sensitive_attributes": [],
          "private": "bnVsbA==",
          "dependencies": [
            "google_project_service.app_engine",
            "google_project_service.app_engine_flex",
            "google_project_service.cloud_resource_manager",
            "google_project_service.container_registry",
            "google_project_service.iam",
            "google_project_service.secret_manager",
            "google_project_service.sql_admin"
          ]
        }
      ]
    },
    {
      "module": "module.site",
      "mode": "managed",
      "type": "google_project_iam_member",
      "name": "app_engine_secret_accessor",
      "provider": "provider[\"registry.terraform.io/hashicorp/google\"]",
      "instances": [
        {
          "schema_version": 0,
          "attributes": {
            "condition": [],
            "etag": "BwXPRsfZL7I=",
            "id": "andersen-lab-dev-330218/roles/secretmanager.secretAccessor/serviceAccount:andersen-lab-dev-330218@appspot.gserviceaccount.com",
            "member": "serviceAccount:andersen-lab-dev-330218@appspot.gserviceaccount.com",
            "project": "andersen-lab-dev-330218",
            "role": "roles/secretmanager.secretAccessor"
          },
          "sensitive_attributes": [],
          "private": "bnVsbA==",
          "dependencies": [
            "google_project_service.container_registry",
            "google_project_service.iam",
            "google_project_service.secret_manager",
            "google_project_service.sql_admin",
            "google_project_service.app_engine",
            "google_project_service.app_engine_flex",
            "google_project_service.cloud_resource_manager"
          ]
        }
      ]
    },
    {
      "module": "module.site",
      "mode": "managed",
      "type": "google_project_iam_member",
      "name": "app_engine_secret_viewer",
      "provider": "provider[\"registry.terraform.io/hashicorp/google\"]",
      "instances": [
        {
          "schema_version": 0,
          "attributes": {
            "condition": [],
            "etag": "BwXPRsfZL7I=",
            "id": "andersen-lab-dev-330218/roles/secretmanager.viewer/serviceAccount:andersen-lab-dev-330218@appspot.gserviceaccount.com",
            "member": "serviceAccount:andersen-lab-dev-330218@appspot.gserviceaccount.com",
            "project": "andersen-lab-dev-330218",
            "role": "roles/secretmanager.viewer"
          },
          "sensitive_attributes": [],
          "private": "bnVsbA==",
          "dependencies": [
            "google_project_service.iam",
            "google_project_service.secret_manager",
            "google_project_service.sql_admin",
            "google_project_service.app_engine",
            "google_project_service.app_engine_flex",
            "google_project_service.cloud_resource_manager",
            "google_project_service.container_registry"
          ]
        }
      ]
    },
    {
      "module": "module.site",
      "mode": "managed",
      "type": "google_project_iam_member",
      "name": "app_engine_storage_object_viewer",
      "provider": "provider[\"registry.terraform.io/hashicorp/google\"]",
      "instances": [
        {
          "schema_version": 0,
          "attributes": {
            "condition": [],
            "etag": "BwXPRsfZL7I=",
            "id": "andersen-lab-dev-330218/roles/storage.objectViewer/serviceAccount:andersen-lab-dev-330218@appspot.gserviceaccount.com",
            "member": "serviceAccount:andersen-lab-dev-330218@appspot.gserviceaccount.com",
            "project": "andersen-lab-dev-330218",
            "role": "roles/storage.objectViewer"
          },
          "sensitive_attributes": [],
          "private": "bnVsbA==",
          "dependencies": [
            "google_project_service.app_engine",
            "google_project_service.app_engine_flex",
            "google_project_service.cloud_resource_manager",
            "google_project_service.container_registry",
            "google_project_service.iam",
            "google_project_service.secret_manager",
            "google_project_service.sql_admin"
          ]
        }
      ]
    },
    {
      "module": "module.site",
      "mode": "managed",
      "type": "google_secret_manager_secret",
      "name": "ANDERSEN_LAB_STRAIN_SHEET",
      "provider": "provider[\"registry.terraform.io/hashicorp/google-beta\"]",
      "instances": [
        {
          "schema_version": 0,
          "attributes": {
            "create_time": "2021-10-26T19:15:55.925413Z",
            "expire_time": "",
            "id": "projects/andersen-lab-dev-330218/secrets/ANDERSEN_LAB_STRAIN_SHEET",
            "labels": {},
            "name": "projects/865500533374/secrets/ANDERSEN_LAB_STRAIN_SHEET",
            "project": "andersen-lab-dev-330218",
            "replication": [
              {
                "automatic": true,
                "user_managed": []
              }
            ],
            "rotation": [],
            "secret_id": "ANDERSEN_LAB_STRAIN_SHEET",
            "timeouts": null,
            "topics": [],
            "ttl": null
          },
          "sensitive_attributes": [],
          "private": "eyJlMmJmYjczMC1lY2FhLTExZTYtOGY4OC0zNDM2M2JjN2M0YzAiOnsiY3JlYXRlIjoyNDAwMDAwMDAwMDAsImRlbGV0ZSI6MjQwMDAwMDAwMDAwLCJ1cGRhdGUiOjI0MDAwMDAwMDAwMH19",
          "dependencies": [
            "google_project_service.app_engine",
            "google_project_service.app_engine_flex",
            "google_project_service.cloud_resource_manager",
            "google_project_service.container_registry",
            "google_project_service.iam",
            "google_project_service.secret_manager",
            "google_project_service.sql_admin"
          ],
          "create_before_destroy": true
        }
      ]
    },
    {
      "module": "module.site",
      "mode": "managed",
      "type": "google_secret_manager_secret",
      "name": "CENDR_PUBLICATIONS_SHEET",
      "provider": "provider[\"registry.terraform.io/hashicorp/google-beta\"]",
      "instances": [
        {
          "schema_version": 0,
          "attributes": {
            "create_time": "2021-10-26T19:15:55.874752Z",
            "expire_time": "",
            "id": "projects/andersen-lab-dev-330218/secrets/CENDR_PUBLICATIONS_SHEET",
            "labels": {},
            "name": "projects/865500533374/secrets/CENDR_PUBLICATIONS_SHEET",
            "project": "andersen-lab-dev-330218",
            "replication": [
              {
                "automatic": true,
                "user_managed": []
              }
            ],
            "rotation": [],
            "secret_id": "CENDR_PUBLICATIONS_SHEET",
            "timeouts": null,
            "topics": [],
            "ttl": null
          },
          "sensitive_attributes": [],
          "private": "eyJlMmJmYjczMC1lY2FhLTExZTYtOGY4OC0zNDM2M2JjN2M0YzAiOnsiY3JlYXRlIjoyNDAwMDAwMDAwMDAsImRlbGV0ZSI6MjQwMDAwMDAwMDAwLCJ1cGRhdGUiOjI0MDAwMDAwMDAwMH19",
          "dependencies": [
            "google_project_service.sql_admin",
            "google_project_service.app_engine",
            "google_project_service.app_engine_flex",
            "google_project_service.cloud_resource_manager",
            "google_project_service.container_registry",
            "google_project_service.iam",
            "google_project_service.secret_manager"
          ],
          "create_before_destroy": true
        }
      ]
    },
    {
      "module": "module.site",
      "mode": "managed",
      "type": "google_secret_manager_secret",
      "name": "ELEVATION_API_KEY",
      "provider": "provider[\"registry.terraform.io/hashicorp/google-beta\"]",
      "instances": [
        {
          "schema_version": 0,
          "attributes": {
            "create_time": "2021-10-26T19:15:56.026779Z",
            "expire_time": "",
            "id": "projects/andersen-lab-dev-330218/secrets/ELEVATION_API_KEY",
            "labels": {},
            "name": "projects/865500533374/secrets/ELEVATION_API_KEY",
            "project": "andersen-lab-dev-330218",
            "replication": [
              {
                "automatic": true,
                "user_managed": []
              }
            ],
            "rotation": [],
            "secret_id": "ELEVATION_API_KEY",
            "timeouts": null,
            "topics": [],
            "ttl": null
          },
          "sensitive_attributes": [],
          "private": "eyJlMmJmYjczMC1lY2FhLTExZTYtOGY4OC0zNDM2M2JjN2M0YzAiOnsiY3JlYXRlIjoyNDAwMDAwMDAwMDAsImRlbGV0ZSI6MjQwMDAwMDAwMDAwLCJ1cGRhdGUiOjI0MDAwMDAwMDAwMH19",
          "dependencies": [
            "google_project_service.iam",
            "google_project_service.secret_manager",
            "google_project_service.sql_admin",
            "google_project_service.app_engine",
            "google_project_service.app_engine_flex",
            "google_project_service.cloud_resource_manager",
            "google_project_service.container_registry"
          ],
          "create_before_destroy": true
        }
      ]
    },
    {
      "module": "module.site",
      "mode": "managed",
      "type": "google_secret_manager_secret",
      "name": "RECAPTCHA_PRIVATE_KEY",
      "provider": "provider[\"registry.terraform.io/hashicorp/google-beta\"]",
      "instances": [
        {
          "schema_version": 0,
          "attributes": {
            "create_time": "2021-10-26T19:15:56.027891Z",
            "expire_time": "",
            "id": "projects/andersen-lab-dev-330218/secrets/RECAPTCHA_PRIVATE_KEY",
            "labels": {},
            "name": "projects/865500533374/secrets/RECAPTCHA_PRIVATE_KEY",
            "project": "andersen-lab-dev-330218",
            "replication": [
              {
                "automatic": true,
                "user_managed": []
              }
            ],
            "rotation": [],
            "secret_id": "RECAPTCHA_PRIVATE_KEY",
            "timeouts": null,
            "topics": [],
            "ttl": null
          },
          "sensitive_attributes": [],
          "private": "eyJlMmJmYjczMC1lY2FhLTExZTYtOGY4OC0zNDM2M2JjN2M0YzAiOnsiY3JlYXRlIjoyNDAwMDAwMDAwMDAsImRlbGV0ZSI6MjQwMDAwMDAwMDAwLCJ1cGRhdGUiOjI0MDAwMDAwMDAwMH19",
          "dependencies": [
            "google_project_service.app_engine",
            "google_project_service.app_engine_flex",
            "google_project_service.cloud_resource_manager",
            "google_project_service.container_registry",
            "google_project_service.iam",
            "google_project_service.secret_manager",
            "google_project_service.sql_admin"
          ],
          "create_before_destroy": true
        }
      ]
    },
    {
      "module": "module.site",
      "mode": "managed",
      "type": "google_secret_manager_secret",
      "name": "RECAPTCHA_PUBLIC_KEY",
      "provider": "provider[\"registry.terraform.io/hashicorp/google-beta\"]",
      "instances": [
        {
          "schema_version": 0,
          "attributes": {
            "create_time": "2021-10-26T19:15:55.975185Z",
            "expire_time": "",
            "id": "projects/andersen-lab-dev-330218/secrets/RECAPTCHA_PUBLIC_KEY",
            "labels": {},
            "name": "projects/865500533374/secrets/RECAPTCHA_PUBLIC_KEY",
            "project": "andersen-lab-dev-330218",
            "replication": [
              {
                "automatic": true,
                "user_managed": []
              }
            ],
            "rotation": [],
            "secret_id": "RECAPTCHA_PUBLIC_KEY",
            "timeouts": null,
            "topics": [],
            "ttl": null
          },
          "sensitive_attributes": [],
          "private": "eyJlMmJmYjczMC1lY2FhLTExZTYtOGY4OC0zNDM2M2JjN2M0YzAiOnsiY3JlYXRlIjoyNDAwMDAwMDAwMDAsImRlbGV0ZSI6MjQwMDAwMDAwMDAwLCJ1cGRhdGUiOjI0MDAwMDAwMDAwMH19",
          "dependencies": [
            "google_project_service.iam",
            "google_project_service.secret_manager",
            "google_project_service.sql_admin",
            "google_project_service.app_engine",
            "google_project_service.app_engine_flex",
            "google_project_service.cloud_resource_manager",
            "google_project_service.container_registry"
          ],
          "create_before_destroy": true
        }
      ]
    },
    {
      "module": "module.site",
      "mode": "managed",
      "type": "google_secret_manager_secret_version",
      "name": "ANDERSEN_LAB_STRAIN_SHEET",
      "provider": "provider[\"registry.terraform.io/hashicorp/google\"]",
      "instances": [
        {
          "schema_version": 0,
          "attributes": {
            "create_time": "2021-10-26T19:16:03.413204Z",
            "destroy_time": "",
            "enabled": true,
            "id": "projects/865500533374/secrets/ANDERSEN_LAB_STRAIN_SHEET/versions/1",
            "name": "projects/865500533374/secrets/ANDERSEN_LAB_STRAIN_SHEET/versions/1",
            "secret": "projects/andersen-lab-dev-330218/secrets/ANDERSEN_LAB_STRAIN_SHEET",
            "secret_data": "1Ke7VaUEjvoajhZQ8KUK2i0WaQd8qZIGaJ2dKdXhDBsI",
            "timeouts": null
          },
          "sensitive_attributes": [
            [
              {
                "type": "get_attr",
                "value": "secret_data"
              }
            ]
          ],
          "private": "eyJlMmJmYjczMC1lY2FhLTExZTYtOGY4OC0zNDM2M2JjN2M0YzAiOnsiY3JlYXRlIjoyNDAwMDAwMDAwMDAsImRlbGV0ZSI6MjQwMDAwMDAwMDAwfX0=",
          "dependencies": [
            "google_project_service.container_registry",
            "google_project_service.iam",
            "google_project_service.secret_manager",
            "google_project_service.sql_admin",
            "module.site.google_secret_manager_secret.ANDERSEN_LAB_STRAIN_SHEET",
            "google_project_service.app_engine",
            "google_project_service.app_engine_flex",
            "google_project_service.cloud_resource_manager"
          ]
        }
      ]
    },
    {
      "module": "module.site",
      "mode": "managed",
      "type": "google_secret_manager_secret_version",
      "name": "CENDR_PUBLICATIONS_SHEET",
      "provider": "provider[\"registry.terraform.io/hashicorp/google\"]",
      "instances": [
        {
          "schema_version": 0,
          "attributes": {
            "create_time": "2021-10-26T19:16:03.810522Z",
            "destroy_time": "",
            "enabled": true,
            "id": "projects/865500533374/secrets/CENDR_PUBLICATIONS_SHEET/versions/1",
            "name": "projects/865500533374/secrets/CENDR_PUBLICATIONS_SHEET/versions/1",
            "secret": "projects/andersen-lab-dev-330218/secrets/CENDR_PUBLICATIONS_SHEET",
            "secret_data": "1ghJG6E_9YPsHu0H3C9s_yg_-EAjTUYBbO15c3RuePIs",
            "timeouts": null
          },
          "sensitive_attributes": [
            [
              {
                "type": "get_attr",
                "value": "secret_data"
              }
            ]
          ],
          "private": "eyJlMmJmYjczMC1lY2FhLTExZTYtOGY4OC0zNDM2M2JjN2M0YzAiOnsiY3JlYXRlIjoyNDAwMDAwMDAwMDAsImRlbGV0ZSI6MjQwMDAwMDAwMDAwfX0=",
          "dependencies": [
            "google_project_service.app_engine",
            "google_project_service.app_engine_flex",
            "google_project_service.cloud_resource_manager",
            "google_project_service.container_registry",
            "google_project_service.iam",
            "google_project_service.secret_manager",
            "google_project_service.sql_admin",
            "module.site.google_secret_manager_secret.CENDR_PUBLICATIONS_SHEET"
          ]
        }
      ]
    },
    {
      "module": "module.site",
      "mode": "managed",
      "type": "google_secret_manager_secret_version",
      "name": "ELEVATION_API_KEY",
      "provider": "provider[\"registry.terraform.io/hashicorp/google\"]",
      "instances": [
        {
          "schema_version": 0,
          "attributes": {
            "create_time": "2021-10-26T19:16:04.457961Z",
            "destroy_time": "",
            "enabled": true,
            "id": "projects/865500533374/secrets/ELEVATION_API_KEY/versions/1",
            "name": "projects/865500533374/secrets/ELEVATION_API_KEY/versions/1",
            "secret": "projects/andersen-lab-dev-330218/secrets/ELEVATION_API_KEY",
            "secret_data": "6LeEFzUUAAAAAP0WJ2s8jbgOU32KAJNrVLtNFLJD",
            "timeouts": null
          },
          "sensitive_attributes": [
            [
              {
                "type": "get_attr",
                "value": "secret_data"
              }
            ]
          ],
          "private": "eyJlMmJmYjczMC1lY2FhLTExZTYtOGY4OC0zNDM2M2JjN2M0YzAiOnsiY3JlYXRlIjoyNDAwMDAwMDAwMDAsImRlbGV0ZSI6MjQwMDAwMDAwMDAwfX0=",
          "dependencies": [
            "module.site.google_secret_manager_secret.ELEVATION_API_KEY",
            "google_project_service.app_engine",
            "google_project_service.app_engine_flex",
            "google_project_service.cloud_resource_manager",
            "google_project_service.container_registry",
            "google_project_service.iam",
            "google_project_service.secret_manager",
            "google_project_service.sql_admin"
          ]
        }
      ]
    },
    {
      "module": "module.site",
      "mode": "managed",
      "type": "google_secret_manager_secret_version",
      "name": "RECAPTCHA_PRIVATE_KEY",
      "provider": "provider[\"registry.terraform.io/hashicorp/google\"]",
      "instances": [
        {
          "schema_version": 0,
          "attributes": {
            "create_time": "2021-10-26T19:16:04.409589Z",
            "destroy_time": "",
            "enabled": true,
            "id": "projects/865500533374/secrets/RECAPTCHA_PRIVATE_KEY/versions/1",
            "name": "projects/865500533374/secrets/RECAPTCHA_PRIVATE_KEY/versions/1",
            "secret": "projects/andersen-lab-dev-330218/secrets/RECAPTCHA_PRIVATE_KEY",
            "secret_data": "6LeEFzUUAAAAAP0WJ2s8jbgOU32KAJNrVLtNFLJD",
            "timeouts": null
          },
          "sensitive_attributes": [
            [
              {
                "type": "get_attr",
                "value": "secret_data"
              }
            ]
          ],
          "private": "eyJlMmJmYjczMC1lY2FhLTExZTYtOGY4OC0zNDM2M2JjN2M0YzAiOnsiY3JlYXRlIjoyNDAwMDAwMDAwMDAsImRlbGV0ZSI6MjQwMDAwMDAwMDAwfX0=",
          "dependencies": [
            "google_project_service.app_engine_flex",
            "google_project_service.cloud_resource_manager",
            "google_project_service.container_registry",
            "google_project_service.iam",
            "google_project_service.secret_manager",
            "google_project_service.sql_admin",
            "module.site.google_secret_manager_secret.RECAPTCHA_PRIVATE_KEY",
            "google_project_service.app_engine"
          ]
        }
      ]
    },
    {
      "module": "module.site",
      "mode": "managed",
      "type": "google_secret_manager_secret_version",
      "name": "RECAPTCHA_PUBLIC_KEY",
      "provider": "provider[\"registry.terraform.io/hashicorp/google\"]",
      "instances": [
        {
          "schema_version": 0,
          "attributes": {
            "create_time": "2021-10-26T19:16:03.476164Z",
            "destroy_time": "",
            "enabled": true,
            "id": "projects/865500533374/secrets/RECAPTCHA_PUBLIC_KEY/versions/1",
            "name": "projects/865500533374/secrets/RECAPTCHA_PUBLIC_KEY/versions/1",
            "secret": "projects/andersen-lab-dev-330218/secrets/RECAPTCHA_PUBLIC_KEY",
            "secret_data": "6LeEFzUUAAAAAL04cPGyrZ7V_hEwBpEnKHz3Ir0x",
            "timeouts": null
          },
          "sensitive_attributes": [
            [
              {
                "type": "get_attr",
                "value": "secret_data"
              }
            ]
          ],
          "private": "eyJlMmJmYjczMC1lY2FhLTExZTYtOGY4OC0zNDM2M2JjN2M0YzAiOnsiY3JlYXRlIjoyNDAwMDAwMDAwMDAsImRlbGV0ZSI6MjQwMDAwMDAwMDAwfX0=",
          "dependencies": [
            "google_project_service.cloud_resource_manager",
            "google_project_service.container_registry",
            "google_project_service.iam",
            "google_project_service.secret_manager",
            "google_project_service.sql_admin",
            "module.site.google_secret_manager_secret.RECAPTCHA_PUBLIC_KEY",
            "google_project_service.app_engine",
            "google_project_service.app_engine_flex"
          ]
        }
      ]
    },
    {
      "module": "module.site",
      "mode": "managed",
      "type": "google_storage_bucket",
      "name": "site_bucket_private",
      "provider": "provider[\"registry.terraform.io/hashicorp/google\"]",
      "instances": [
        {
          "schema_version": 0,
          "attributes": {
            "bucket_policy_only": false,
            "cors": [],
            "default_event_based_hold": false,
            "encryption": [],
            "force_destroy": false,
            "id": "andersen-lab-dev-330218-site-private-bucket",
            "labels": {},
            "lifecycle_rule": [],
            "location": "US-CENTRAL1",
            "logging": [],
            "name": "andersen-lab-dev-330218-site-private-bucket",
            "project": "andersen-lab-dev-330218",
            "requester_pays": false,
            "retention_policy": [],
            "self_link": "https://www.googleapis.com/storage/v1/b/andersen-lab-dev-330218-site-private-bucket",
            "storage_class": "STANDARD",
            "uniform_bucket_level_access": false,
            "url": "gs://andersen-lab-dev-330218-site-private-bucket",
            "versioning": [],
            "website": []
          },
          "sensitive_attributes": [],
          "private": "bnVsbA==",
          "dependencies": [
            "google_project_service.app_engine",
            "google_project_service.app_engine_flex",
            "google_project_service.cloud_resource_manager",
            "google_project_service.container_registry",
            "google_project_service.iam",
            "google_project_service.secret_manager",
            "google_project_service.sql_admin"
          ]
        }
      ]
    },
    {
      "module": "module.site",
      "mode": "managed",
      "type": "google_storage_bucket",
      "name": "site_bucket_public",
      "provider": "provider[\"registry.terraform.io/hashicorp/google\"]",
      "instances": [
        {
          "schema_version": 0,
          "attributes": {
            "bucket_policy_only": false,
            "cors": [],
            "default_event_based_hold": false,
            "encryption": [],
            "force_destroy": false,
            "id": "andersen-lab-dev-330218-site-public-bucket",
            "labels": {},
            "lifecycle_rule": [],
            "location": "US-CENTRAL1",
            "logging": [],
            "name": "andersen-lab-dev-330218-site-public-bucket",
            "project": "andersen-lab-dev-330218",
            "requester_pays": false,
            "retention_policy": [],
            "self_link": "https://www.googleapis.com/storage/v1/b/andersen-lab-dev-330218-site-public-bucket",
            "storage_class": "STANDARD",
            "uniform_bucket_level_access": false,
            "url": "gs://andersen-lab-dev-330218-site-public-bucket",
            "versioning": [],
            "website": []
          },
          "sensitive_attributes": [],
          "private": "bnVsbA==",
          "dependencies": [
            "google_project_service.iam",
            "google_project_service.secret_manager",
            "google_project_service.sql_admin",
            "google_project_service.app_engine",
            "google_project_service.app_engine_flex",
            "google_project_service.cloud_resource_manager",
            "google_project_service.container_registry"
          ]
        }
      ]
    },
    {
      "module": "module.site",
      "mode": "managed",
      "type": "null_resource",
      "name": "build_container",
      "provider": "provider[\"registry.terraform.io/hashicorp/null\"]",
      "instances": [
        {
          "schema_version": 0,
          "attributes": {
            "id": "2448682529473400050",
            "triggers": {
              "container_tag": "gcr.io/andersen-lab-dev-330218/caendr-site:v2.0f"
            }
          },
          "sensitive_attributes": [],
          "private": "bnVsbA==",
          "dependencies": [
            "google_project_service.secret_manager",
            "google_project_service.sql_admin",
            "google_project_service.app_engine",
            "google_project_service.app_engine_flex",
            "google_project_service.cloud_resource_manager",
            "google_project_service.container_registry",
            "google_project_service.iam"
          ],
          "create_before_destroy": true
        }
      ]
    },
    {
      "module": "module.site",
      "mode": "managed",
      "type": "null_resource",
      "name": "publish_container",
      "provider": "provider[\"registry.terraform.io/hashicorp/null\"]",
      "instances": [
        {
          "schema_version": 0,
          "attributes": {
            "id": "873439626359317007",
            "triggers": {
              "container_tag": "gcr.io/andersen-lab-dev-330218/caendr-site:v2.0f"
            }
          },
          "sensitive_attributes": [],
          "private": "bnVsbA==",
          "dependencies": [
            "google_project_service.container_registry",
            "google_project_service.iam",
            "google_project_service.secret_manager",
            "google_project_service.sql_admin",
            "module.site.null_resource.build_container",
            "google_project_service.app_engine",
            "google_project_service.app_engine_flex",
            "google_project_service.cloud_resource_manager"
          ],
          "create_before_destroy": true
        }
      ]
    },
    {
      "module": "module.site",
      "mode": "managed",
      "type": "time_sleep",
      "name": "wait_container_publish",
      "provider": "provider[\"registry.terraform.io/hashicorp/time\"]",
      "instances": [
        {
          "schema_version": 0,
          "attributes": {
            "create_duration": "60s",
            "destroy_duration": null,
            "id": "2021-10-26T19:57:01Z",
            "triggers": null
          },
          "sensitive_attributes": [],
          "private": "bnVsbA==",
          "dependencies": [
            "google_project_service.app_engine_flex",
            "google_project_service.container_registry",
            "module.site.null_resource.build_container",
            "google_project_service.app_engine",
            "google_project_service.cloud_resource_manager",
            "google_project_service.iam",
            "google_project_service.secret_manager",
            "google_project_service.sql_admin",
            "module.site.null_resource.publish_container"
          ],
          "create_before_destroy": true
        }
      ]
    }
  ]
}
